
Microsoft Visual Studio Solution File, Format Version 12.00
# Visual Studio Version 16
VisualStudioVersion = 16.0.29806.167
MinimumVisualStudioVersion = 10.0.40219.1
Project("{FAE04EC0-301F-11D3-BF4B-00C04F79EFBC}") = "TCPServerTest", "SocketServerTest\TCPServerTest.csproj", "{6B78DDC5-0287-4512-81EE-7FD164068180}"
EndProject
Project("{FAE04EC0-301F-11D3-BF4B-00C04F79EFBC}") = "Client", "Client\Client.csproj", "{41EF7C95-7644-43D1-8FE4-A7282AE117D5}"
EndProject
Global
	GlobalSection(SolutionConfigurationPlatforms) = preSolution
		Debug|Any CPU = Debug|Any CPU
		Release|Any CPU = Release|Any CPU
	EndGlobalSection
	GlobalSection(ProjectConfigurationPlatforms) = postSolution
		{6B78DDC5-0287-4512-81EE-7FD164068180}.Debug|Any CPU.ActiveCfg = Debug|Any CPU
		{6B78DDC5-0287-4512-81EE-7FD164068180}.Debug|Any CPU.Build.0 = Debug|Any CPU
		{6B78DDC5-0287-4512-81EE-7FD164068180}.Release|Any CPU.ActiveCfg = Release|Any CPU
		{6B78DDC5-0287-4512-81EE-7FD164068180}.Release|Any CPU.Build.0 = Release|Any CPU
		{41EF7C95-7644-43D1-8FE4-A7282AE117D5}.Debug|Any CPU.ActiveCfg = Debug|Any CPU
		{41EF7C95-7644-43D1-8FE4-A7282AE117D5}.Debug|Any CPU.Build.0 = Debug|Any CPU
		{41EF7C95-7644-43D1-8FE4-A7282AE117D5}.Release|Any CPU.ActiveCfg = Release|Any CPU
		{41EF7C95-7644-43D1-8FE4-A7282AE117D5}.Release|Any CPU.Build.0 = Release|Any CPU
	EndGlobalSection
	GlobalSection(SolutionProperties) = preSolution
		HideSolutionNode = FALSE
	EndGlobalSection
	GlobalSection(ExtensibilityGlobals) = postSolution
		SolutionGuid = {AD3332C6-38A1-41AE-A81C-2B17DE5176F0}
	EndGlobalSection
EndGlobal
